
Microsoft Visual Studio Solution File, Format Version 12.00
# Visual Studio 14
VisualStudioVersion = 14.0.25420.1
MinimumVisualStudioVersion = 10.0.40219.1
Project("{FAE04EC0-301F-11D3-BF4B-00C04F79EFBC}") = "SoImporter", "SoImporter\SoImporter.csproj", "{D4EF32E2-462E-41B2-8B47-A1F09A211636}"
EndProject
Project("{FAE04EC0-301F-11D3-BF4B-00C04F79EFBC}") = "Crypto", "Crypto\Crypto.csproj", "{1188F184-C68F-427F-BE14-EDEA975533CE}"
EndProject
Global
	GlobalSection(SolutionConfigurationPlatforms) = preSolution
		Debug|Any CPU = Debug|Any CPU
		Debug|x64 = Debug|x64
		Debug|x86 = Debug|x86
		Release|Any CPU = Release|Any CPU
		Release|x64 = Release|x64
		Release|x86 = Release|x86
	EndGlobalSection
	GlobalSection(ProjectConfigurationPlatforms) = postSolution
		{D4EF32E2-462E-41B2-8B47-A1F09A211636}.Debug|Any CPU.ActiveCfg = Debug|Any CPU
		{D4EF32E2-462E-41B2-8B47-A1F09A211636}.Debug|Any CPU.Build.0 = Debug|Any CPU
		{D4EF32E2-462E-41B2-8B47-A1F09A211636}.Debug|x64.ActiveCfg = Debug|Any CPU
		{D4EF32E2-462E-41B2-8B47-A1F09A211636}.Debug|x64.Build.0 = Debug|Any CPU
		{D4EF32E2-462E-41B2-8B47-A1F09A211636}.Debug|x86.ActiveCfg = Debug|Any CPU
		{D4EF32E2-462E-41B2-8B47-A1F09A211636}.Debug|x86.Build.0 = Debug|Any CPU
		{D4EF32E2-462E-41B2-8B47-A1F09A211636}.Release|Any CPU.ActiveCfg = Release|Any CPU
		{D4EF32E2-462E-41B2-8B47-A1F09A211636}.Release|Any CPU.Build.0 = Release|Any CPU
		{D4EF32E2-462E-41B2-8B47-A1F09A211636}.Release|x64.ActiveCfg = Release|Any CPU
		{D4EF32E2-462E-41B2-8B47-A1F09A211636}.Release|x64.Build.0 = Release|Any CPU
		{D4EF32E2-462E-41B2-8B47-A1F09A211636}.Release|x86.ActiveCfg = Release|Any CPU
		{D4EF32E2-462E-41B2-8B47-A1F09A211636}.Release|x86.Build.0 = Release|Any CPU
		{1188F184-C68F-427F-BE14-EDEA975533CE}.Debug|Any CPU.ActiveCfg = Debug|Any CPU
		{1188F184-C68F-427F-BE14-EDEA975533CE}.Debug|Any CPU.Build.0 = Debug|Any CPU
		{1188F184-C68F-427F-BE14-EDEA975533CE}.Debug|x64.ActiveCfg = Debug|Any CPU
		{1188F184-C68F-427F-BE14-EDEA975533CE}.Debug|x64.Build.0 = Debug|Any CPU
		{1188F184-C68F-427F-BE14-EDEA975533CE}.Debug|x86.ActiveCfg = Debug|Any CPU
		{1188F184-C68F-427F-BE14-EDEA975533CE}.Debug|x86.Build.0 = Debug|Any CPU
		{1188F184-C68F-427F-BE14-EDEA975533CE}.Release|Any CPU.ActiveCfg = Release|Any CPU
		{1188F184-C68F-427F-BE14-EDEA975533CE}.Release|Any CPU.Build.0 = Release|Any CPU
		{1188F184-C68F-427F-BE14-EDEA975533CE}.Release|x64.ActiveCfg = Release|Any CPU
		{1188F184-C68F-427F-BE14-EDEA975533CE}.Release|x64.Build.0 = Release|Any CPU
		{1188F184-C68F-427F-BE14-EDEA975533CE}.Release|x86.ActiveCfg = Release|Any CPU
		{1188F184-C68F-427F-BE14-EDEA975533CE}.Release|x86.Build.0 = Release|Any CPU
	EndGlobalSection
	GlobalSection(SolutionProperties) = preSolution
		HideSolutionNode = FALSE
	EndGlobalSection
	GlobalSection(VaultVsipSolution-v2) = preSolution
		VaultHost = http://prime/VaultService
		VaultRepositoryID = 2
		VaultRepositoryGUID = 49b89e6a-5eee-47d5-80f8-23902002371c
		ProjectCount = 3
		ProjectRelativeDiskPath1 = TestDbfLib\TestFastDBF.csproj
		ProjectRelativeDiskPath2 = DBF2CSV\DBF2CSV\SocialExplorer.DBF2CSV.csproj
		ProjectRelativeDiskPath3 = FastDBF\SocialExplorer.FastDBF.csproj
	EndGlobalSection
EndGlobal
